
Microsoft Visual Studio Solution File, Format Version 12.00
# Visual Studio Version 16
VisualStudioVersion = 16.0.30717.126
MinimumVisualStudioVersion = 10.0.40219.1
Project("{FAE04EC0-301F-11D3-BF4B-00C04F79EFBC}") = "CalculatorMicroservice", "CalculatorMicroservice\CalculatorMicroservice.csproj", "{EA68E778-29B0-4C33-88B5-EE34E224C5A1}"
EndProject
Global
	GlobalSection(SolutionConfigurationPlatforms) = preSolution
		Debug|Any CPU = Debug|Any CPU
		Release|Any CPU = Release|Any CPU
	EndGlobalSection
	GlobalSection(ProjectConfigurationPlatforms) = postSolution
		{EA68E778-29B0-4C33-88B5-EE34E224C5A1}.Debug|Any CPU.ActiveCfg = Debug|Any CPU
		{EA68E778-29B0-4C33-88B5-EE34E224C5A1}.Debug|Any CPU.Build.0 = Debug|Any CPU
		{EA68E778-29B0-4C33-88B5-EE34E224C5A1}.Release|Any CPU.ActiveCfg = Release|Any CPU
		{EA68E778-29B0-4C33-88B5-EE34E224C5A1}.Release|Any CPU.Build.0 = Release|Any CPU
	EndGlobalSection
	GlobalSection(SolutionProperties) = preSolution
		HideSolutionNode = FALSE
	EndGlobalSection
	GlobalSection(ExtensibilityGlobals) = postSolution
		SolutionGuid = {E9FCD2C4-9C31-4BCA-A2C6-AFF677D2E058}
	EndGlobalSection
EndGlobal
